
Microsoft Visual Studio Solution File, Format Version 12.00
# Visual Studio Version 17
VisualStudioVersion = 17.7.34031.279
MinimumVisualStudioVersion = 10.0.40219.1
Project("{8BC9CEB8-8B4A-11D0-8D11-00A0C91BC942}") = "Pr6.4ITER", "Pr6.4ITER\Pr6.4ITER.vcxproj", "{20DC369A-879F-44FC-82DC-BCB556785A26}"
EndProject
Project("{8BC9CEB8-8B4A-11D0-8D11-00A0C91BC942}") = "UnitTest1", "UnitTest1\UnitTest1.vcxproj", "{49957BDC-0667-471F-8BFE-1243FA339B7A}"
EndProject
Global
	GlobalSection(SolutionConfigurationPlatforms) = preSolution
		Debug|x64 = Debug|x64
		Debug|x86 = Debug|x86
		Release|x64 = Release|x64
		Release|x86 = Release|x86
	EndGlobalSection
	GlobalSection(ProjectConfigurationPlatforms) = postSolution
		{20DC369A-879F-44FC-82DC-BCB556785A26}.Debug|x64.ActiveCfg = Debug|x64
		{20DC369A-879F-44FC-82DC-BCB556785A26}.Debug|x64.Build.0 = Debug|x64
		{20DC369A-879F-44FC-82DC-BCB556785A26}.Debug|x86.ActiveCfg = Debug|Win32
		{20DC369A-879F-44FC-82DC-BCB556785A26}.Debug|x86.Build.0 = Debug|Win32
		{20DC369A-879F-44FC-82DC-BCB556785A26}.Release|x64.ActiveCfg = Release|x64
		{20DC369A-879F-44FC-82DC-BCB556785A26}.Release|x64.Build.0 = Release|x64
		{20DC369A-879F-44FC-82DC-BCB556785A26}.Release|x86.ActiveCfg = Release|Win32
		{20DC369A-879F-44FC-82DC-BCB556785A26}.Release|x86.Build.0 = Release|Win32
		{49957BDC-0667-471F-8BFE-1243FA339B7A}.Debug|x64.ActiveCfg = Debug|x64
		{49957BDC-0667-471F-8BFE-1243FA339B7A}.Debug|x64.Build.0 = Debug|x64
		{49957BDC-0667-471F-8BFE-1243FA339B7A}.Debug|x86.ActiveCfg = Debug|Win32
		{49957BDC-0667-471F-8BFE-1243FA339B7A}.Debug|x86.Build.0 = Debug|Win32
		{49957BDC-0667-471F-8BFE-1243FA339B7A}.Release|x64.ActiveCfg = Release|x64
		{49957BDC-0667-471F-8BFE-1243FA339B7A}.Release|x64.Build.0 = Release|x64
		{49957BDC-0667-471F-8BFE-1243FA339B7A}.Release|x86.ActiveCfg = Release|Win32
		{49957BDC-0667-471F-8BFE-1243FA339B7A}.Release|x86.Build.0 = Release|Win32
	EndGlobalSection
	GlobalSection(SolutionProperties) = preSolution
		HideSolutionNode = FALSE
	EndGlobalSection
	GlobalSection(ExtensibilityGlobals) = postSolution
		SolutionGuid = {B08D5334-03E2-464B-8D2D-C16BDC7FAC04}
	EndGlobalSection
EndGlobal
